
Microsoft Visual Studio Solution File, Format Version 12.00
# Visual Studio 15
VisualStudioVersion = 15.0.28307.572
MinimumVisualStudioVersion = 10.0.40219.1
Project("{FAE04EC0-301F-11D3-BF4B-00C04F79EFBC}") = "Archemy.Api", "Archemy.Api\Archemy.Api.csproj", "{74129639-8BF9-44EC-8BE7-79B30B92EA27}"
EndProject
Project("{2150E333-8FDC-42A3-9474-1A3956D46DE8}") = "Archemy.Bll", "Archemy.Bll", "{C1FB2774-E053-4FE7-A953-F78CF5E93768}"
EndProject
Project("{FAE04EC0-301F-11D3-BF4B-00C04F79EFBC}") = "Archemy.Data", "Archemy.Data\Archemy.Data.csproj", "{9C5FCDA2-C561-4039-A66E-EB36D40368BE}"
EndProject
Project("{FAE04EC0-301F-11D3-BF4B-00C04F79EFBC}") = "Archemy.Helper", "Archemy.Helper\Archemy.Helper.csproj", "{15E46A82-5C36-4016-BBF9-489C348355FA}"
EndProject
Project("{FAE04EC0-301F-11D3-BF4B-00C04F79EFBC}") = "Archemy.Product.Bll", "Archemy.Product.Bll\Archemy.Product.Bll.csproj", "{7BC7D65B-7A9F-45D2-88C4-BA4C39E575DC}"
EndProject
Project("{FAE04EC0-301F-11D3-BF4B-00C04F79EFBC}") = "Archemy.Authentication.Bll", "Archemy.Authentication.Bll\Archemy.Authentication.Bll.csproj", "{9395E0FC-E578-43BE-8C20-35FCCE74CD60}"
EndProject
Project("{FAE04EC0-301F-11D3-BF4B-00C04F79EFBC}") = "Archemy.Employee.Bll", "Archemy.Employee.Bll\Archemy.Employee.Bll.csproj", "{2E6D7199-5A45-4536-8E24-2511303A930D}"
EndProject
Project("{FAE04EC0-301F-11D3-BF4B-00C04F79EFBC}") = "Archemy.MasterData.Bll", "Archemy.MasterData.Bll\Archemy.MasterData.Bll.csproj", "{8C740A19-BC9E-4E64-BB4B-C577C69BEC63}"
EndProject
Global
	GlobalSection(SolutionConfigurationPlatforms) = preSolution
		Debug|Any CPU = Debug|Any CPU
		Release|Any CPU = Release|Any CPU
	EndGlobalSection
	GlobalSection(ProjectConfigurationPlatforms) = postSolution
		{74129639-8BF9-44EC-8BE7-79B30B92EA27}.Debug|Any CPU.ActiveCfg = Debug|Any CPU
		{74129639-8BF9-44EC-8BE7-79B30B92EA27}.Debug|Any CPU.Build.0 = Debug|Any CPU
		{74129639-8BF9-44EC-8BE7-79B30B92EA27}.Release|Any CPU.ActiveCfg = Release|Any CPU
		{74129639-8BF9-44EC-8BE7-79B30B92EA27}.Release|Any CPU.Build.0 = Release|Any CPU
		{9C5FCDA2-C561-4039-A66E-EB36D40368BE}.Debug|Any CPU.ActiveCfg = Debug|Any CPU
		{9C5FCDA2-C561-4039-A66E-EB36D40368BE}.Debug|Any CPU.Build.0 = Debug|Any CPU
		{9C5FCDA2-C561-4039-A66E-EB36D40368BE}.Release|Any CPU.ActiveCfg = Release|Any CPU
		{9C5FCDA2-C561-4039-A66E-EB36D40368BE}.Release|Any CPU.Build.0 = Release|Any CPU
		{15E46A82-5C36-4016-BBF9-489C348355FA}.Debug|Any CPU.ActiveCfg = Debug|Any CPU
		{15E46A82-5C36-4016-BBF9-489C348355FA}.Debug|Any CPU.Build.0 = Debug|Any CPU
		{15E46A82-5C36-4016-BBF9-489C348355FA}.Release|Any CPU.ActiveCfg = Release|Any CPU
		{15E46A82-5C36-4016-BBF9-489C348355FA}.Release|Any CPU.Build.0 = Release|Any CPU
		{7BC7D65B-7A9F-45D2-88C4-BA4C39E575DC}.Debug|Any CPU.ActiveCfg = Debug|Any CPU
		{7BC7D65B-7A9F-45D2-88C4-BA4C39E575DC}.Debug|Any CPU.Build.0 = Debug|Any CPU
		{7BC7D65B-7A9F-45D2-88C4-BA4C39E575DC}.Release|Any CPU.ActiveCfg = Release|Any CPU
		{7BC7D65B-7A9F-45D2-88C4-BA4C39E575DC}.Release|Any CPU.Build.0 = Release|Any CPU
		{9395E0FC-E578-43BE-8C20-35FCCE74CD60}.Debug|Any CPU.ActiveCfg = Debug|Any CPU
		{9395E0FC-E578-43BE-8C20-35FCCE74CD60}.Debug|Any CPU.Build.0 = Debug|Any CPU
		{9395E0FC-E578-43BE-8C20-35FCCE74CD60}.Release|Any CPU.ActiveCfg = Release|Any CPU
		{9395E0FC-E578-43BE-8C20-35FCCE74CD60}.Release|Any CPU.Build.0 = Release|Any CPU
		{2E6D7199-5A45-4536-8E24-2511303A930D}.Debug|Any CPU.ActiveCfg = Debug|Any CPU
		{2E6D7199-5A45-4536-8E24-2511303A930D}.Debug|Any CPU.Build.0 = Debug|Any CPU
		{2E6D7199-5A45-4536-8E24-2511303A930D}.Release|Any CPU.ActiveCfg = Release|Any CPU
		{2E6D7199-5A45-4536-8E24-2511303A930D}.Release|Any CPU.Build.0 = Release|Any CPU
		{8C740A19-BC9E-4E64-BB4B-C577C69BEC63}.Debug|Any CPU.ActiveCfg = Debug|Any CPU
		{8C740A19-BC9E-4E64-BB4B-C577C69BEC63}.Debug|Any CPU.Build.0 = Debug|Any CPU
		{8C740A19-BC9E-4E64-BB4B-C577C69BEC63}.Release|Any CPU.ActiveCfg = Release|Any CPU
		{8C740A19-BC9E-4E64-BB4B-C577C69BEC63}.Release|Any CPU.Build.0 = Release|Any CPU
	EndGlobalSection
	GlobalSection(SolutionProperties) = preSolution
		HideSolutionNode = FALSE
	EndGlobalSection
	GlobalSection(NestedProjects) = preSolution
		{7BC7D65B-7A9F-45D2-88C4-BA4C39E575DC} = {C1FB2774-E053-4FE7-A953-F78CF5E93768}
		{9395E0FC-E578-43BE-8C20-35FCCE74CD60} = {C1FB2774-E053-4FE7-A953-F78CF5E93768}
		{2E6D7199-5A45-4536-8E24-2511303A930D} = {C1FB2774-E053-4FE7-A953-F78CF5E93768}
		{8C740A19-BC9E-4E64-BB4B-C577C69BEC63} = {C1FB2774-E053-4FE7-A953-F78CF5E93768}
	EndGlobalSection
	GlobalSection(ExtensibilityGlobals) = postSolution
		SolutionGuid = {66B7397B-F327-4E87-B184-CD4AB828EC68}
	EndGlobalSection
EndGlobal
